
Microsoft Visual Studio Solution File, Format Version 12.00
# Visual Studio Version 17
VisualStudioVersion = 17.4.33403.182
MinimumVisualStudioVersion = 10.0.40219.1
Project("{9A19103F-16F7-4668-BE54-9A1E7A4F7556}") = "Biluthyrning", "Biluthyrning.csproj", "{0A4410FF-B60E-4E69-98CA-5D5DC0759CE0}"
EndProject
Project("{FAE04EC0-301F-11D3-BF4B-00C04F79EFBC}") = "CarRentalApi", "..\CarRentalApi\CarRentalApi.csproj", "{0535A9F1-13CD-47C5-A849-76BF518986EE}"
EndProject
Global
	GlobalSection(SolutionConfigurationPlatforms) = preSolution
		Debug|Any CPU = Debug|Any CPU
		Release|Any CPU = Release|Any CPU
	EndGlobalSection
	GlobalSection(ProjectConfigurationPlatforms) = postSolution
		{0A4410FF-B60E-4E69-98CA-5D5DC0759CE0}.Debug|Any CPU.ActiveCfg = Debug|Any CPU
		{0A4410FF-B60E-4E69-98CA-5D5DC0759CE0}.Debug|Any CPU.Build.0 = Debug|Any CPU
		{0A4410FF-B60E-4E69-98CA-5D5DC0759CE0}.Release|Any CPU.ActiveCfg = Release|Any CPU
		{0A4410FF-B60E-4E69-98CA-5D5DC0759CE0}.Release|Any CPU.Build.0 = Release|Any CPU
		{0535A9F1-13CD-47C5-A849-76BF518986EE}.Debug|Any CPU.ActiveCfg = Debug|Any CPU
		{0535A9F1-13CD-47C5-A849-76BF518986EE}.Debug|Any CPU.Build.0 = Debug|Any CPU
		{0535A9F1-13CD-47C5-A849-76BF518986EE}.Release|Any CPU.ActiveCfg = Release|Any CPU
		{0535A9F1-13CD-47C5-A849-76BF518986EE}.Release|Any CPU.Build.0 = Release|Any CPU
	EndGlobalSection
	GlobalSection(SolutionProperties) = preSolution
		HideSolutionNode = FALSE
	EndGlobalSection
	GlobalSection(ExtensibilityGlobals) = postSolution
		SolutionGuid = {14431EA4-6916-4EC4-97F4-F58C63122E8F}
	EndGlobalSection
EndGlobal
